
Microsoft Visual Studio Solution File, Format Version 12.00
# Visual Studio Version 16
VisualStudioVersion = 16.0.31129.286
MinimumVisualStudioVersion = 10.0.40219.1
Project("{9A19103F-16F7-4668-BE54-9A1E7A4F7556}") = "InfoMonitor.Web", "InfoMonitor.Web\InfoMonitor.Web.csproj", "{B07D6AAC-867B-4740-ACA1-574E82F28BBD}"
EndProject
Project("{9A19103F-16F7-4668-BE54-9A1E7A4F7556}") = "InfoMonitor.BasicAgent", "InfoMonitor.BasicAgent\InfoMonitor.BasicAgent.csproj", "{88275575-49FF-4536-87ED-63A8EDCEB7CB}"
EndProject
Project("{2150E333-8FDC-42A3-9474-1A3956D46DE8}") = "Solution Items", "Solution Items", "{655A3E1E-479A-4E35-B278-7D6FDFF8A732}"
	ProjectSection(SolutionItems) = preProject
		LICENSE.txt = LICENSE.txt
		README.md = README.md
	EndProjectSection
EndProject
Project("{FAE04EC0-301F-11D3-BF4B-00C04F79EFBC}") = "InfoMonitor.DataSchema", "InfoMonitor.DataSchema\InfoMonitor.DataSchema.csproj", "{D9983CFE-468A-420A-960E-DDF47C88E78A}"
EndProject
Global
	GlobalSection(SolutionConfigurationPlatforms) = preSolution
		Debug|Any CPU = Debug|Any CPU
		Release|Any CPU = Release|Any CPU
	EndGlobalSection
	GlobalSection(ProjectConfigurationPlatforms) = postSolution
		{B07D6AAC-867B-4740-ACA1-574E82F28BBD}.Debug|Any CPU.ActiveCfg = Debug|Any CPU
		{B07D6AAC-867B-4740-ACA1-574E82F28BBD}.Debug|Any CPU.Build.0 = Debug|Any CPU
		{B07D6AAC-867B-4740-ACA1-574E82F28BBD}.Release|Any CPU.ActiveCfg = Release|Any CPU
		{B07D6AAC-867B-4740-ACA1-574E82F28BBD}.Release|Any CPU.Build.0 = Release|Any CPU
		{88275575-49FF-4536-87ED-63A8EDCEB7CB}.Debug|Any CPU.ActiveCfg = Debug|Any CPU
		{88275575-49FF-4536-87ED-63A8EDCEB7CB}.Debug|Any CPU.Build.0 = Debug|Any CPU
		{88275575-49FF-4536-87ED-63A8EDCEB7CB}.Release|Any CPU.ActiveCfg = Release|Any CPU
		{88275575-49FF-4536-87ED-63A8EDCEB7CB}.Release|Any CPU.Build.0 = Release|Any CPU
		{D9983CFE-468A-420A-960E-DDF47C88E78A}.Debug|Any CPU.ActiveCfg = Debug|Any CPU
		{D9983CFE-468A-420A-960E-DDF47C88E78A}.Debug|Any CPU.Build.0 = Debug|Any CPU
		{D9983CFE-468A-420A-960E-DDF47C88E78A}.Release|Any CPU.ActiveCfg = Release|Any CPU
		{D9983CFE-468A-420A-960E-DDF47C88E78A}.Release|Any CPU.Build.0 = Release|Any CPU
	EndGlobalSection
	GlobalSection(SolutionProperties) = preSolution
		HideSolutionNode = FALSE
	EndGlobalSection
	GlobalSection(ExtensibilityGlobals) = postSolution
		SolutionGuid = {C9A69CAE-3CFE-4913-AA7B-97D05BC499BB}
	EndGlobalSection
EndGlobal
